<Solution>
  <Folder Name="/src/">
    <Project Path="src/MasterCompanion.Api/MasterCompanion.Api.csproj" />
    <Project Path="src/MasterCompanion.AppHost/MasterCompanion.AppHost.csproj" />
    <Project Path="src/MasterCompanion.Contracts/MasterCompanion.Contracts.csproj" />
    <Project Path="src/MasterCompanion.Engine/MasterCompanion.Engine.csproj" />
    <Project Path="src/MasterCompanion.Modules.Ythryn/MasterCompanion.Modules.Ythryn.csproj" />
    <Project Path="src/MasterCompanion.ServiceDefaults/MasterCompanion.ServiceDefaults.csproj" />
  </Folder>
  <Folder Name="/tests/">
    <Project Path="tests/MasterCompanion.Characters.Tests.Integration/MasterCompanion.Characters.Tests.Integration.csproj" />
    <Project Path="tests/MasterCompanion.Gameplay.Tests.Unit/MasterCompanion.Gameplay.Tests.Unit.csproj" />
    <Project Path="tests/MasterCompanion.Gameplay.Tests.Integration/MasterCompanion.Gameplay.Tests.Integration.csproj" />
    <Project Path="tests/MasterCompanion.Materials.Tests.Integration/MasterCompanion.Materials.Tests.Integration.csproj" />
    <Project Path="tests/MasterCompanion.Folders.Tests.Integration/MasterCompanion.Folders.Tests.Integration.csproj" />
    <Project Path="tests/MasterCompanion.Sessions.Tests.Integration/MasterCompanion.Sessions.Tests.Integration.csproj" />
  </Folder>
</Solution>
